
Microsoft Visual Studio Solution File, Format Version 12.00
# Visual Studio 15
VisualStudioVersion = 15.0.28307.1231
MinimumVisualStudioVersion = 10.0.40219.1
Project("{FAE04EC0-301F-11D3-BF4B-00C04F79EFBC}") = "ReprocesoTravelAce", "ReprocesoTravelAce\ReprocesoTravelAce.csproj", "{16E14308-3A32-4E38-8D2C-F50F2CAED0E1}"
EndProject
Global
	GlobalSection(SolutionConfigurationPlatforms) = preSolution
		Debug|Any CPU = Debug|Any CPU
		Release|Any CPU = Release|Any CPU
	EndGlobalSection
	GlobalSection(ProjectConfigurationPlatforms) = postSolution
		{16E14308-3A32-4E38-8D2C-F50F2CAED0E1}.Debug|Any CPU.ActiveCfg = Debug|Any CPU
		{16E14308-3A32-4E38-8D2C-F50F2CAED0E1}.Debug|Any CPU.Build.0 = Debug|Any CPU
		{16E14308-3A32-4E38-8D2C-F50F2CAED0E1}.Release|Any CPU.ActiveCfg = Release|Any CPU
		{16E14308-3A32-4E38-8D2C-F50F2CAED0E1}.Release|Any CPU.Build.0 = Release|Any CPU
	EndGlobalSection
	GlobalSection(SolutionProperties) = preSolution
		HideSolutionNode = FALSE
	EndGlobalSection
	GlobalSection(ExtensibilityGlobals) = postSolution
		SolutionGuid = {5AE79CF2-E1BF-4B59-8848-A1EB40B2EC56}
	EndGlobalSection
EndGlobal
